
Microsoft Visual Studio Solution File, Format Version 12.00
# Visual Studio 15
VisualStudioVersion = 15.0.28307.271
MinimumVisualStudioVersion = 10.0.40219.1
Project("{FAE04EC0-301F-11D3-BF4B-00C04F79EFBC}") = "App01_ConsultarCEP.Android", "App01_ConsultarCEP\App01_ConsultarCEP.Android\App01_ConsultarCEP.Android.csproj", "{CEAD86D0-2D3A-490A-9386-6AC09FAB44F0}"
EndProject
Project("{FAE04EC0-301F-11D3-BF4B-00C04F79EFBC}") = "App01_ConsultarCEP.iOS", "App01_ConsultarCEP\App01_ConsultarCEP.iOS\App01_ConsultarCEP.iOS.csproj", "{7A217B6A-BE3F-44E5-9721-84B6FDFCE1CD}"
EndProject
Project("{FAE04EC0-301F-11D3-BF4B-00C04F79EFBC}") = "App01_ConsultarCEP.UWP", "App01_ConsultarCEP\App01_ConsultarCEP.UWP\App01_ConsultarCEP.UWP.csproj", "{ABB7D9BE-00AD-4D85-9D9D-ED1DAB79224B}"
EndProject
Project("{FAE04EC0-301F-11D3-BF4B-00C04F79EFBC}") = "App01_ConsultarCEP", "App01_ConsultarCEP\App01_ConsultarCEP\App01_ConsultarCEP.csproj", "{F43462B9-76E5-49A0-8769-6F9125A2E54D}"
EndProject
Global
	GlobalSection(SolutionConfigurationPlatforms) = preSolution
		Ad-Hoc|Any CPU = Ad-Hoc|Any CPU
		Ad-Hoc|ARM = Ad-Hoc|ARM
		Ad-Hoc|iPhone = Ad-Hoc|iPhone
		Ad-Hoc|iPhoneSimulator = Ad-Hoc|iPhoneSimulator
		Ad-Hoc|x64 = Ad-Hoc|x64
		Ad-Hoc|x86 = Ad-Hoc|x86
		AppStore|Any CPU = AppStore|Any CPU
		AppStore|ARM = AppStore|ARM
		AppStore|iPhone = AppStore|iPhone
		AppStore|iPhoneSimulator = AppStore|iPhoneSimulator
		AppStore|x64 = AppStore|x64
		AppStore|x86 = AppStore|x86
		Debug|Any CPU = Debug|Any CPU
		Debug|ARM = Debug|ARM
		Debug|iPhone = Debug|iPhone
		Debug|iPhoneSimulator = Debug|iPhoneSimulator
		Debug|x64 = Debug|x64
		Debug|x86 = Debug|x86
		Release|Any CPU = Release|Any CPU
		Release|ARM = Release|ARM
		Release|iPhone = Release|iPhone
		Release|iPhoneSimulator = Release|iPhoneSimulator
		Release|x64 = Release|x64
		Release|x86 = Release|x86
	EndGlobalSection
	GlobalSection(ProjectConfigurationPlatforms) = postSolution
		{CEAD86D0-2D3A-490A-9386-6AC09FAB44F0}.Ad-Hoc|Any CPU.ActiveCfg = Release|Any CPU
		{CEAD86D0-2D3A-490A-9386-6AC09FAB44F0}.Ad-Hoc|Any CPU.Build.0 = Release|Any CPU
		{CEAD86D0-2D3A-490A-9386-6AC09FAB44F0}.Ad-Hoc|Any CPU.Deploy.0 = Release|Any CPU
		{CEAD86D0-2D3A-490A-9386-6AC09FAB44F0}.Ad-Hoc|ARM.ActiveCfg = Release|Any CPU
		{CEAD86D0-2D3A-490A-9386-6AC09FAB44F0}.Ad-Hoc|ARM.Build.0 = Release|Any CPU
		{CEAD86D0-2D3A-490A-9386-6AC09FAB44F0}.Ad-Hoc|ARM.Deploy.0 = Release|Any CPU
		{CEAD86D0-2D3A-490A-9386-6AC09FAB44F0}.Ad-Hoc|iPhone.ActiveCfg = Release|Any CPU
		{CEAD86D0-2D3A-490A-9386-6AC09FAB44F0}.Ad-Hoc|iPhone.Build.0 = Release|Any CPU
		{CEAD86D0-2D3A-490A-9386-6AC09FAB44F0}.Ad-Hoc|iPhone.Deploy.0 = Release|Any CPU
		{CEAD86D0-2D3A-490A-9386-6AC09FAB44F0}.Ad-Hoc|iPhoneSimulator.ActiveCfg = Release|Any CPU
		{CEAD86D0-2D3A-490A-9386-6AC09FAB44F0}.Ad-Hoc|iPhoneSimulator.Build.0 = Release|Any CPU
		{CEAD86D0-2D3A-490A-9386-6AC09FAB44F0}.Ad-Hoc|iPhoneSimulator.Deploy.0 = Release|Any CPU
		{CEAD86D0-2D3A-490A-9386-6AC09FAB44F0}.Ad-Hoc|x64.ActiveCfg = Release|Any CPU
		{CEAD86D0-2D3A-490A-9386-6AC09FAB44F0}.Ad-Hoc|x64.Build.0 = Release|Any CPU
		{CEAD86D0-2D3A-490A-9386-6AC09FAB44F0}.Ad-Hoc|x64.Deploy.0 = Release|Any CPU
		{CEAD86D0-2D3A-490A-9386-6AC09FAB44F0}.Ad-Hoc|x86.ActiveCfg = Release|Any CPU
		{CEAD86D0-2D3A-490A-9386-6AC09FAB44F0}.Ad-Hoc|x86.Build.0 = Release|Any CPU
		{CEAD86D0-2D3A-490A-9386-6AC09FAB44F0}.Ad-Hoc|x86.Deploy.0 = Release|Any CPU
		{CEAD86D0-2D3A-490A-9386-6AC09FAB44F0}.AppStore|Any CPU.ActiveCfg = Release|Any CPU
		{CEAD86D0-2D3A-490A-9386-6AC09FAB44F0}.AppStore|Any CPU.Build.0 = Release|Any CPU
		{CEAD86D0-2D3A-490A-9386-6AC09FAB44F0}.AppStore|Any CPU.Deploy.0 = Release|Any CPU
		{CEAD86D0-2D3A-490A-9386-6AC09FAB44F0}.AppStore|ARM.ActiveCfg = Release|Any CPU
		{CEAD86D0-2D3A-490A-9386-6AC09FAB44F0}.AppStore|ARM.Build.0 = Release|Any CPU
		{CEAD86D0-2D3A-490A-9386-6AC09FAB44F0}.AppStore|ARM.Deploy.0 = Release|Any CPU
		{CEAD86D0-2D3A-490A-9386-6AC09FAB44F0}.AppStore|iPhone.ActiveCfg = Release|Any CPU
		{CEAD86D0-2D3A-490A-9386-6AC09FAB44F0}.AppStore|iPhone.Build.0 = Release|Any CPU
		{CEAD86D0-2D3A-490A-9386-6AC09FAB44F0}.AppStore|iPhone.Deploy.0 = Release|Any CPU
		{CEAD86D0-2D3A-490A-9386-6AC09FAB44F0}.AppStore|iPhoneSimulator.ActiveCfg = Release|Any CPU
		{CEAD86D0-2D3A-490A-9386-6AC09FAB44F0}.AppStore|iPhoneSimulator.Build.0 = Release|Any CPU
		{CEAD86D0-2D3A-490A-9386-6AC09FAB44F0}.AppStore|iPhoneSimulator.Deploy.0 = Release|Any CPU
		{CEAD86D0-2D3A-490A-9386-6AC09FAB44F0}.AppStore|x64.ActiveCfg = Release|Any CPU
		{CEAD86D0-2D3A-490A-9386-6AC09FAB44F0}.AppStore|x64.Build.0 = Release|Any CPU
		{CEAD86D0-2D3A-490A-9386-6AC09FAB44F0}.AppStore|x64.Deploy.0 = Release|Any CPU
		{CEAD86D0-2D3A-490A-9386-6AC09FAB44F0}.AppStore|x86.ActiveCfg = Release|Any CPU
		{CEAD86D0-2D3A-490A-9386-6AC09FAB44F0}.AppStore|x86.Build.0 = Release|Any CPU
		{CEAD86D0-2D3A-490A-9386-6AC09FAB44F0}.AppStore|x86.Deploy.0 = Release|Any CPU
		{CEAD86D0-2D3A-490A-9386-6AC09FAB44F0}.Debug|Any CPU.ActiveCfg = Debug|Any CPU
		{CEAD86D0-2D3A-490A-9386-6AC09FAB44F0}.Debug|Any CPU.Build.0 = Debug|Any CPU
		{CEAD86D0-2D3A-490A-9386-6AC09FAB44F0}.Debug|Any CPU.Deploy.0 = Debug|Any CPU
		{CEAD86D0-2D3A-490A-9386-6AC09FAB44F0}.Debug|ARM.ActiveCfg = Debug|Any CPU
		{CEAD86D0-2D3A-490A-9386-6AC09FAB44F0}.Debug|ARM.Build.0 = Debug|Any CPU
		{CEAD86D0-2D3A-490A-9386-6AC09FAB44F0}.Debug|ARM.Deploy.0 = Debug|Any CPU
		{CEAD86D0-2D3A-490A-9386-6AC09FAB44F0}.Debug|iPhone.ActiveCfg = Debug|Any CPU
		{CEAD86D0-2D3A-490A-9386-6AC09FAB44F0}.Debug|iPhone.Build.0 = Debug|Any CPU
		{CEAD86D0-2D3A-490A-9386-6AC09FAB44F0}.Debug|iPhone.Deploy.0 = Debug|Any CPU
		{CEAD86D0-2D3A-490A-9386-6AC09FAB44F0}.Debug|iPhoneSimulator.ActiveCfg = Debug|Any CPU
		{CEAD86D0-2D3A-490A-9386-6AC09FAB44F0}.Debug|iPhoneSimulator.Build.0 = Debug|Any CPU
		{CEAD86D0-2D3A-490A-9386-6AC09FAB44F0}.Debug|iPhoneSimulator.Deploy.0 = Debug|Any CPU
		{CEAD86D0-2D3A-490A-9386-6AC09FAB44F0}.Debug|x64.ActiveCfg = Debug|Any CPU
		{CEAD86D0-2D3A-490A-9386-6AC09FAB44F0}.Debug|x64.Build.0 = Debug|Any CPU
		{CEAD86D0-2D3A-490A-9386-6AC09FAB44F0}.Debug|x64.Deploy.0 = Debug|Any CPU
		{CEAD86D0-2D3A-490A-9386-6AC09FAB44F0}.Debug|x86.ActiveCfg = Debug|Any CPU
		{CEAD86D0-2D3A-490A-9386-6AC09FAB44F0}.Debug|x86.Build.0 = Debug|Any CPU
		{CEAD86D0-2D3A-490A-9386-6AC09FAB44F0}.Debug|x86.Deploy.0 = Debug|Any CPU
		{CEAD86D0-2D3A-490A-9386-6AC09FAB44F0}.Release|Any CPU.ActiveCfg = Release|Any CPU
		{CEAD86D0-2D3A-490A-9386-6AC09FAB44F0}.Release|Any CPU.Build.0 = Release|Any CPU
		{CEAD86D0-2D3A-490A-9386-6AC09FAB44F0}.Release|Any CPU.Deploy.0 = Release|Any CPU
		{CEAD86D0-2D3A-490A-9386-6AC09FAB44F0}.Release|ARM.ActiveCfg = Release|Any CPU
		{CEAD86D0-2D3A-490A-9386-6AC09FAB44F0}.Release|ARM.Build.0 = Release|Any CPU
		{CEAD86D0-2D3A-490A-9386-6AC09FAB44F0}.Release|ARM.Deploy.0 = Release|Any CPU
		{CEAD86D0-2D3A-490A-9386-6AC09FAB44F0}.Release|iPhone.ActiveCfg = Release|Any CPU
		{CEAD86D0-2D3A-490A-9386-6AC09FAB44F0}.Release|iPhone.Build.0 = Release|Any CPU
		{CEAD86D0-2D3A-490A-9386-6AC09FAB44F0}.Release|iPhone.Deploy.0 = Release|Any CPU
		{CEAD86D0-2D3A-490A-9386-6AC09FAB44F0}.Release|iPhoneSimulator.ActiveCfg = Release|Any CPU
		{CEAD86D0-2D3A-490A-9386-6AC09FAB44F0}.Release|iPhoneSimulator.Build.0 = Release|Any CPU
		{CEAD86D0-2D3A-490A-9386-6AC09FAB44F0}.Release|iPhoneSimulator.Deploy.0 = Release|Any CPU
		{CEAD86D0-2D3A-490A-9386-6AC09FAB44F0}.Release|x64.ActiveCfg = Release|Any CPU
		{CEAD86D0-2D3A-490A-9386-6AC09FAB44F0}.Release|x64.Build.0 = Release|Any CPU
		{CEAD86D0-2D3A-490A-9386-6AC09FAB44F0}.Release|x64.Deploy.0 = Release|Any CPU
		{CEAD86D0-2D3A-490A-9386-6AC09FAB44F0}.Release|x86.ActiveCfg = Release|Any CPU
		{CEAD86D0-2D3A-490A-9386-6AC09FAB44F0}.Release|x86.Build.0 = Release|Any CPU
		{CEAD86D0-2D3A-490A-9386-6AC09FAB44F0}.Release|x86.Deploy.0 = Release|Any CPU
		{7A217B6A-BE3F-44E5-9721-84B6FDFCE1CD}.Ad-Hoc|Any CPU.ActiveCfg = Ad-Hoc|iPhone
		{7A217B6A-BE3F-44E5-9721-84B6FDFCE1CD}.Ad-Hoc|Any CPU.Build.0 = Ad-Hoc|iPhone
		{7A217B6A-BE3F-44E5-9721-84B6FDFCE1CD}.Ad-Hoc|Any CPU.Deploy.0 = Ad-Hoc|iPhone
		{7A217B6A-BE3F-44E5-9721-84B6FDFCE1CD}.Ad-Hoc|ARM.ActiveCfg = Ad-Hoc|iPhone
		{7A217B6A-BE3F-44E5-9721-84B6FDFCE1CD}.Ad-Hoc|ARM.Build.0 = Ad-Hoc|iPhone
		{7A217B6A-BE3F-44E5-9721-84B6FDFCE1CD}.Ad-Hoc|ARM.Deploy.0 = Ad-Hoc|iPhone
		{7A217B6A-BE3F-44E5-9721-84B6FDFCE1CD}.Ad-Hoc|iPhone.ActiveCfg = Ad-Hoc|iPhone
		{7A217B6A-BE3F-44E5-9721-84B6FDFCE1CD}.Ad-Hoc|iPhone.Build.0 = Ad-Hoc|iPhone
		{7A217B6A-BE3F-44E5-9721-84B6FDFCE1CD}.Ad-Hoc|iPhone.Deploy.0 = Ad-Hoc|iPhone
		{7A217B6A-BE3F-44E5-9721-84B6FDFCE1CD}.Ad-Hoc|iPhoneSimulator.ActiveCfg = Ad-Hoc|iPhoneSimulator
		{7A217B6A-BE3F-44E5-9721-84B6FDFCE1CD}.Ad-Hoc|iPhoneSimulator.Build.0 = Ad-Hoc|iPhoneSimulator
		{7A217B6A-BE3F-44E5-9721-84B6FDFCE1CD}.Ad-Hoc|iPhoneSimulator.Deploy.0 = Ad-Hoc|iPhoneSimulator
		{7A217B6A-BE3F-44E5-9721-84B6FDFCE1CD}.Ad-Hoc|x64.ActiveCfg = Ad-Hoc|iPhone
		{7A217B6A-BE3F-44E5-9721-84B6FDFCE1CD}.Ad-Hoc|x64.Build.0 = Ad-Hoc|iPhone
		{7A217B6A-BE3F-44E5-9721-84B6FDFCE1CD}.Ad-Hoc|x64.Deploy.0 = Ad-Hoc|iPhone
		{7A217B6A-BE3F-44E5-9721-84B6FDFCE1CD}.Ad-Hoc|x86.ActiveCfg = Ad-Hoc|iPhone
		{7A217B6A-BE3F-44E5-9721-84B6FDFCE1CD}.Ad-Hoc|x86.Build.0 = Ad-Hoc|iPhone
		{7A217B6A-BE3F-44E5-9721-84B6FDFCE1CD}.Ad-Hoc|x86.Deploy.0 = Ad-Hoc|iPhone
		{7A217B6A-BE3F-44E5-9721-84B6FDFCE1CD}.AppStore|Any CPU.ActiveCfg = AppStore|iPhone
		{7A217B6A-BE3F-44E5-9721-84B6FDFCE1CD}.AppStore|Any CPU.Build.0 = AppStore|iPhone
		{7A217B6A-BE3F-44E5-9721-84B6FDFCE1CD}.AppStore|Any CPU.Deploy.0 = AppStore|iPhone
		{7A217B6A-BE3F-44E5-9721-84B6FDFCE1CD}.AppStore|ARM.ActiveCfg = AppStore|iPhone
		{7A217B6A-BE3F-44E5-9721-84B6FDFCE1CD}.AppStore|ARM.Build.0 = AppStore|iPhone
		{7A217B6A-BE3F-44E5-9721-84B6FDFCE1CD}.AppStore|ARM.Deploy.0 = AppStore|iPhone
		{7A217B6A-BE3F-44E5-9721-84B6FDFCE1CD}.AppStore|iPhone.ActiveCfg = AppStore|iPhone
		{7A217B6A-BE3F-44E5-9721-84B6FDFCE1CD}.AppStore|iPhone.Build.0 = AppStore|iPhone
		{7A217B6A-BE3F-44E5-9721-84B6FDFCE1CD}.AppStore|iPhone.Deploy.0 = AppStore|iPhone
		{7A217B6A-BE3F-44E5-9721-84B6FDFCE1CD}.AppStore|iPhoneSimulator.ActiveCfg = AppStore|iPhoneSimulator
		{7A217B6A-BE3F-44E5-9721-84B6FDFCE1CD}.AppStore|iPhoneSimulator.Build.0 = AppStore|iPhoneSimulator
		{7A217B6A-BE3F-44E5-9721-84B6FDFCE1CD}.AppStore|iPhoneSimulator.Deploy.0 = AppStore|iPhoneSimulator
		{7A217B6A-BE3F-44E5-9721-84B6FDFCE1CD}.AppStore|x64.ActiveCfg = AppStore|iPhone
		{7A217B6A-BE3F-44E5-9721-84B6FDFCE1CD}.AppStore|x64.Build.0 = AppStore|iPhone
		{7A217B6A-BE3F-44E5-9721-84B6FDFCE1CD}.AppStore|x64.Deploy.0 = AppStore|iPhone
		{7A217B6A-BE3F-44E5-9721-84B6FDFCE1CD}.AppStore|x86.ActiveCfg = AppStore|iPhone
		{7A217B6A-BE3F-44E5-9721-84B6FDFCE1CD}.AppStore|x86.Build.0 = AppStore|iPhone
		{7A217B6A-BE3F-44E5-9721-84B6FDFCE1CD}.AppStore|x86.Deploy.0 = AppStore|iPhone
		{7A217B6A-BE3F-44E5-9721-84B6FDFCE1CD}.Debug|Any CPU.ActiveCfg = Debug|iPhone
		{7A217B6A-BE3F-44E5-9721-84B6FDFCE1CD}.Debug|Any CPU.Build.0 = Debug|iPhone
		{7A217B6A-BE3F-44E5-9721-84B6FDFCE1CD}.Debug|Any CPU.Deploy.0 = Debug|iPhone
		{7A217B6A-BE3F-44E5-9721-84B6FDFCE1CD}.Debug|ARM.ActiveCfg = Debug|iPhone
		{7A217B6A-BE3F-44E5-9721-84B6FDFCE1CD}.Debug|ARM.Build.0 = Debug|iPhone
		{7A217B6A-BE3F-44E5-9721-84B6FDFCE1CD}.Debug|ARM.Deploy.0 = Debug|iPhone
		{7A217B6A-BE3F-44E5-9721-84B6FDFCE1CD}.Debug|iPhone.ActiveCfg = Debug|iPhone
		{7A217B6A-BE3F-44E5-9721-84B6FDFCE1CD}.Debug|iPhone.Build.0 = Debug|iPhone
		{7A217B6A-BE3F-44E5-9721-84B6FDFCE1CD}.Debug|iPhone.Deploy.0 = Debug|iPhone
		{7A217B6A-BE3F-44E5-9721-84B6FDFCE1CD}.Debug|iPhoneSimulator.ActiveCfg = Debug|iPhoneSimulator
		{7A217B6A-BE3F-44E5-9721-84B6FDFCE1CD}.Debug|iPhoneSimulator.Build.0 = Debug|iPhoneSimulator
		{7A217B6A-BE3F-44E5-9721-84B6FDFCE1CD}.Debug|iPhoneSimulator.Deploy.0 = Debug|iPhoneSimulator
		{7A217B6A-BE3F-44E5-9721-84B6FDFCE1CD}.Debug|x64.ActiveCfg = Debug|iPhone
		{7A217B6A-BE3F-44E5-9721-84B6FDFCE1CD}.Debug|x64.Build.0 = Debug|iPhone
		{7A217B6A-BE3F-44E5-9721-84B6FDFCE1CD}.Debug|x64.Deploy.0 = Debug|iPhone
		{7A217B6A-BE3F-44E5-9721-84B6FDFCE1CD}.Debug|x86.ActiveCfg = Debug|iPhoneSimulator
		{7A217B6A-BE3F-44E5-9721-84B6FDFCE1CD}.Debug|x86.Build.0 = Debug|iPhoneSimulator
		{7A217B6A-BE3F-44E5-9721-84B6FDFCE1CD}.Debug|x86.Deploy.0 = Debug|iPhoneSimulator
		{7A217B6A-BE3F-44E5-9721-84B6FDFCE1CD}.Release|Any CPU.ActiveCfg = Release|iPhone
		{7A217B6A-BE3F-44E5-9721-84B6FDFCE1CD}.Release|Any CPU.Build.0 = Release|iPhone
		{7A217B6A-BE3F-44E5-9721-84B6FDFCE1CD}.Release|Any CPU.Deploy.0 = Release|iPhone
		{7A217B6A-BE3F-44E5-9721-84B6FDFCE1CD}.Release|ARM.ActiveCfg = Release|iPhone
		{7A217B6A-BE3F-44E5-9721-84B6FDFCE1CD}.Release|ARM.Build.0 = Release|iPhone
		{7A217B6A-BE3F-44E5-9721-84B6FDFCE1CD}.Release|ARM.Deploy.0 = Release|iPhone
		{7A217B6A-BE3F-44E5-9721-84B6FDFCE1CD}.Release|iPhone.ActiveCfg = Release|iPhone
		{7A217B6A-BE3F-44E5-9721-84B6FDFCE1CD}.Release|iPhone.Build.0 = Release|iPhone
		{7A217B6A-BE3F-44E5-9721-84B6FDFCE1CD}.Release|iPhone.Deploy.0 = Release|iPhone
		{7A217B6A-BE3F-44E5-9721-84B6FDFCE1CD}.Release|iPhoneSimulator.ActiveCfg = Release|iPhoneSimulator
		{7A217B6A-BE3F-44E5-9721-84B6FDFCE1CD}.Release|iPhoneSimulator.Build.0 = Release|iPhoneSimulator
		{7A217B6A-BE3F-44E5-9721-84B6FDFCE1CD}.Release|iPhoneSimulator.Deploy.0 = Release|iPhoneSimulator
		{7A217B6A-BE3F-44E5-9721-84B6FDFCE1CD}.Release|x64.ActiveCfg = Release|iPhone
		{7A217B6A-BE3F-44E5-9721-84B6FDFCE1CD}.Release|x64.Build.0 = Release|iPhone
		{7A217B6A-BE3F-44E5-9721-84B6FDFCE1CD}.Release|x64.Deploy.0 = Release|iPhone
		{7A217B6A-BE3F-44E5-9721-84B6FDFCE1CD}.Release|x86.ActiveCfg = Release|iPhone
		{7A217B6A-BE3F-44E5-9721-84B6FDFCE1CD}.Release|x86.Build.0 = Release|iPhone
		{7A217B6A-BE3F-44E5-9721-84B6FDFCE1CD}.Release|x86.Deploy.0 = Release|iPhone
		{ABB7D9BE-00AD-4D85-9D9D-ED1DAB79224B}.Ad-Hoc|Any CPU.ActiveCfg = Release|x86
		{ABB7D9BE-00AD-4D85-9D9D-ED1DAB79224B}.Ad-Hoc|Any CPU.Build.0 = Release|x86
		{ABB7D9BE-00AD-4D85-9D9D-ED1DAB79224B}.Ad-Hoc|Any CPU.Deploy.0 = Release|x86
		{ABB7D9BE-00AD-4D85-9D9D-ED1DAB79224B}.Ad-Hoc|ARM.ActiveCfg = Release|ARM
		{ABB7D9BE-00AD-4D85-9D9D-ED1DAB79224B}.Ad-Hoc|ARM.Build.0 = Release|ARM
		{ABB7D9BE-00AD-4D85-9D9D-ED1DAB79224B}.Ad-Hoc|ARM.Deploy.0 = Release|ARM
		{ABB7D9BE-00AD-4D85-9D9D-ED1DAB79224B}.Ad-Hoc|iPhone.ActiveCfg = Release|x86
		{ABB7D9BE-00AD-4D85-9D9D-ED1DAB79224B}.Ad-Hoc|iPhone.Build.0 = Release|x86
		{ABB7D9BE-00AD-4D85-9D9D-ED1DAB79224B}.Ad-Hoc|iPhone.Deploy.0 = Release|x86
		{ABB7D9BE-00AD-4D85-9D9D-ED1DAB79224B}.Ad-Hoc|iPhoneSimulator.ActiveCfg = Release|x86
		{ABB7D9BE-00AD-4D85-9D9D-ED1DAB79224B}.Ad-Hoc|iPhoneSimulator.Build.0 = Release|x86
		{ABB7D9BE-00AD-4D85-9D9D-ED1DAB79224B}.Ad-Hoc|iPhoneSimulator.Deploy.0 = Release|x86
		{ABB7D9BE-00AD-4D85-9D9D-ED1DAB79224B}.Ad-Hoc|x64.ActiveCfg = Release|x64
		{ABB7D9BE-00AD-4D85-9D9D-ED1DAB79224B}.Ad-Hoc|x64.Build.0 = Release|x64
		{ABB7D9BE-00AD-4D85-9D9D-ED1DAB79224B}.Ad-Hoc|x64.Deploy.0 = Release|x64
		{ABB7D9BE-00AD-4D85-9D9D-ED1DAB79224B}.Ad-Hoc|x86.ActiveCfg = Release|x86
		{ABB7D9BE-00AD-4D85-9D9D-ED1DAB79224B}.Ad-Hoc|x86.Build.0 = Release|x86
		{ABB7D9BE-00AD-4D85-9D9D-ED1DAB79224B}.Ad-Hoc|x86.Deploy.0 = Release|x86
		{ABB7D9BE-00AD-4D85-9D9D-ED1DAB79224B}.AppStore|Any CPU.ActiveCfg = Release|x86
		{ABB7D9BE-00AD-4D85-9D9D-ED1DAB79224B}.AppStore|Any CPU.Build.0 = Release|x86
		{ABB7D9BE-00AD-4D85-9D9D-ED1DAB79224B}.AppStore|Any CPU.Deploy.0 = Release|x86
		{ABB7D9BE-00AD-4D85-9D9D-ED1DAB79224B}.AppStore|ARM.ActiveCfg = Release|ARM
		{ABB7D9BE-00AD-4D85-9D9D-ED1DAB79224B}.AppStore|ARM.Build.0 = Release|ARM
		{ABB7D9BE-00AD-4D85-9D9D-ED1DAB79224B}.AppStore|ARM.Deploy.0 = Release|ARM
		{ABB7D9BE-00AD-4D85-9D9D-ED1DAB79224B}.AppStore|iPhone.ActiveCfg = Release|x86
		{ABB7D9BE-00AD-4D85-9D9D-ED1DAB79224B}.AppStore|iPhone.Build.0 = Release|x86
		{ABB7D9BE-00AD-4D85-9D9D-ED1DAB79224B}.AppStore|iPhone.Deploy.0 = Release|x86
		{ABB7D9BE-00AD-4D85-9D9D-ED1DAB79224B}.AppStore|iPhoneSimulator.ActiveCfg = Release|x86
		{ABB7D9BE-00AD-4D85-9D9D-ED1DAB79224B}.AppStore|iPhoneSimulator.Build.0 = Release|x86
		{ABB7D9BE-00AD-4D85-9D9D-ED1DAB79224B}.AppStore|iPhoneSimulator.Deploy.0 = Release|x86
		{ABB7D9BE-00AD-4D85-9D9D-ED1DAB79224B}.AppStore|x64.ActiveCfg = Release|x64
		{ABB7D9BE-00AD-4D85-9D9D-ED1DAB79224B}.AppStore|x64.Build.0 = Release|x64
		{ABB7D9BE-00AD-4D85-9D9D-ED1DAB79224B}.AppStore|x64.Deploy.0 = Release|x64
		{ABB7D9BE-00AD-4D85-9D9D-ED1DAB79224B}.AppStore|x86.ActiveCfg = Release|x86
		{ABB7D9BE-00AD-4D85-9D9D-ED1DAB79224B}.AppStore|x86.Build.0 = Release|x86
		{ABB7D9BE-00AD-4D85-9D9D-ED1DAB79224B}.AppStore|x86.Deploy.0 = Release|x86
		{ABB7D9BE-00AD-4D85-9D9D-ED1DAB79224B}.Debug|Any CPU.ActiveCfg = Debug|x86
		{ABB7D9BE-00AD-4D85-9D9D-ED1DAB79224B}.Debug|Any CPU.Build.0 = Debug|x86
		{ABB7D9BE-00AD-4D85-9D9D-ED1DAB79224B}.Debug|Any CPU.Deploy.0 = Debug|x86
		{ABB7D9BE-00AD-4D85-9D9D-ED1DAB79224B}.Debug|ARM.ActiveCfg = Debug|ARM
		{ABB7D9BE-00AD-4D85-9D9D-ED1DAB79224B}.Debug|ARM.Build.0 = Debug|ARM
		{ABB7D9BE-00AD-4D85-9D9D-ED1DAB79224B}.Debug|ARM.Deploy.0 = Debug|ARM
		{ABB7D9BE-00AD-4D85-9D9D-ED1DAB79224B}.Debug|iPhone.ActiveCfg = Debug|x86
		{ABB7D9BE-00AD-4D85-9D9D-ED1DAB79224B}.Debug|iPhone.Build.0 = Debug|x86
		{ABB7D9BE-00AD-4D85-9D9D-ED1DAB79224B}.Debug|iPhone.Deploy.0 = Debug|x86
		{ABB7D9BE-00AD-4D85-9D9D-ED1DAB79224B}.Debug|iPhoneSimulator.ActiveCfg = Debug|x86
		{ABB7D9BE-00AD-4D85-9D9D-ED1DAB79224B}.Debug|iPhoneSimulator.Build.0 = Debug|x86
		{ABB7D9BE-00AD-4D85-9D9D-ED1DAB79224B}.Debug|iPhoneSimulator.Deploy.0 = Debug|x86
		{ABB7D9BE-00AD-4D85-9D9D-ED1DAB79224B}.Debug|x64.ActiveCfg = Debug|x64
		{ABB7D9BE-00AD-4D85-9D9D-ED1DAB79224B}.Debug|x64.Build.0 = Debug|x64
		{ABB7D9BE-00AD-4D85-9D9D-ED1DAB79224B}.Debug|x64.Deploy.0 = Debug|x64
		{ABB7D9BE-00AD-4D85-9D9D-ED1DAB79224B}.Debug|x86.ActiveCfg = Debug|x86
		{ABB7D9BE-00AD-4D85-9D9D-ED1DAB79224B}.Debug|x86.Build.0 = Debug|x86
		{ABB7D9BE-00AD-4D85-9D9D-ED1DAB79224B}.Debug|x86.Deploy.0 = Debug|x86
		{ABB7D9BE-00AD-4D85-9D9D-ED1DAB79224B}.Release|Any CPU.ActiveCfg = Release|x86
		{ABB7D9BE-00AD-4D85-9D9D-ED1DAB79224B}.Release|Any CPU.Build.0 = Release|x86
		{ABB7D9BE-00AD-4D85-9D9D-ED1DAB79224B}.Release|Any CPU.Deploy.0 = Release|x86
		{ABB7D9BE-00AD-4D85-9D9D-ED1DAB79224B}.Release|ARM.ActiveCfg = Release|ARM
		{ABB7D9BE-00AD-4D85-9D9D-ED1DAB79224B}.Release|ARM.Build.0 = Release|ARM
		{ABB7D9BE-00AD-4D85-9D9D-ED1DAB79224B}.Release|ARM.Deploy.0 = Release|ARM
		{ABB7D9BE-00AD-4D85-9D9D-ED1DAB79224B}.Release|iPhone.ActiveCfg = Release|x86
		{ABB7D9BE-00AD-4D85-9D9D-ED1DAB79224B}.Release|iPhone.Build.0 = Release|x86
		{ABB7D9BE-00AD-4D85-9D9D-ED1DAB79224B}.Release|iPhone.Deploy.0 = Release|x86
		{ABB7D9BE-00AD-4D85-9D9D-ED1DAB79224B}.Release|iPhoneSimulator.ActiveCfg = Release|x86
		{ABB7D9BE-00AD-4D85-9D9D-ED1DAB79224B}.Release|iPhoneSimulator.Build.0 = Release|x86
		{ABB7D9BE-00AD-4D85-9D9D-ED1DAB79224B}.Release|iPhoneSimulator.Deploy.0 = Release|x86
		{ABB7D9BE-00AD-4D85-9D9D-ED1DAB79224B}.Release|x64.ActiveCfg = Release|x64
		{ABB7D9BE-00AD-4D85-9D9D-ED1DAB79224B}.Release|x64.Build.0 = Release|x64
		{ABB7D9BE-00AD-4D85-9D9D-ED1DAB79224B}.Release|x64.Deploy.0 = Release|x64
		{ABB7D9BE-00AD-4D85-9D9D-ED1DAB79224B}.Release|x86.ActiveCfg = Release|x86
		{ABB7D9BE-00AD-4D85-9D9D-ED1DAB79224B}.Release|x86.Build.0 = Release|x86
		{ABB7D9BE-00AD-4D85-9D9D-ED1DAB79224B}.Release|x86.Deploy.0 = Release|x86
		{F43462B9-76E5-49A0-8769-6F9125A2E54D}.Ad-Hoc|Any CPU.ActiveCfg = Debug|Any CPU
		{F43462B9-76E5-49A0-8769-6F9125A2E54D}.Ad-Hoc|Any CPU.Build.0 = Debug|Any CPU
		{F43462B9-76E5-49A0-8769-6F9125A2E54D}.Ad-Hoc|Any CPU.Deploy.0 = Debug|Any CPU
		{F43462B9-76E5-49A0-8769-6F9125A2E54D}.Ad-Hoc|ARM.ActiveCfg = Debug|Any CPU
		{F43462B9-76E5-49A0-8769-6F9125A2E54D}.Ad-Hoc|ARM.Build.0 = Debug|Any CPU
		{F43462B9-76E5-49A0-8769-6F9125A2E54D}.Ad-Hoc|ARM.Deploy.0 = Debug|Any CPU
		{F43462B9-76E5-49A0-8769-6F9125A2E54D}.Ad-Hoc|iPhone.ActiveCfg = Debug|Any CPU
		{F43462B9-76E5-49A0-8769-6F9125A2E54D}.Ad-Hoc|iPhone.Build.0 = Debug|Any CPU
		{F43462B9-76E5-49A0-8769-6F9125A2E54D}.Ad-Hoc|iPhone.Deploy.0 = Debug|Any CPU
		{F43462B9-76E5-49A0-8769-6F9125A2E54D}.Ad-Hoc|iPhoneSimulator.ActiveCfg = Debug|Any CPU
		{F43462B9-76E5-49A0-8769-6F9125A2E54D}.Ad-Hoc|iPhoneSimulator.Build.0 = Debug|Any CPU
		{F43462B9-76E5-49A0-8769-6F9125A2E54D}.Ad-Hoc|iPhoneSimulator.Deploy.0 = Debug|Any CPU
		{F43462B9-76E5-49A0-8769-6F9125A2E54D}.Ad-Hoc|x64.ActiveCfg = Debug|Any CPU
		{F43462B9-76E5-49A0-8769-6F9125A2E54D}.Ad-Hoc|x64.Build.0 = Debug|Any CPU
		{F43462B9-76E5-49A0-8769-6F9125A2E54D}.Ad-Hoc|x64.Deploy.0 = Debug|Any CPU
		{F43462B9-76E5-49A0-8769-6F9125A2E54D}.Ad-Hoc|x86.ActiveCfg = Debug|Any CPU
		{F43462B9-76E5-49A0-8769-6F9125A2E54D}.Ad-Hoc|x86.Build.0 = Debug|Any CPU
		{F43462B9-76E5-49A0-8769-6F9125A2E54D}.Ad-Hoc|x86.Deploy.0 = Debug|Any CPU
		{F43462B9-76E5-49A0-8769-6F9125A2E54D}.AppStore|Any CPU.ActiveCfg = Debug|Any CPU
		{F43462B9-76E5-49A0-8769-6F9125A2E54D}.AppStore|Any CPU.Build.0 = Debug|Any CPU
		{F43462B9-76E5-49A0-8769-6F9125A2E54D}.AppStore|Any CPU.Deploy.0 = Debug|Any CPU
		{F43462B9-76E5-49A0-8769-6F9125A2E54D}.AppStore|ARM.ActiveCfg = Debug|Any CPU
		{F43462B9-76E5-49A0-8769-6F9125A2E54D}.AppStore|ARM.Build.0 = Debug|Any CPU
		{F43462B9-76E5-49A0-8769-6F9125A2E54D}.AppStore|ARM.Deploy.0 = Debug|Any CPU
		{F43462B9-76E5-49A0-8769-6F9125A2E54D}.AppStore|iPhone.ActiveCfg = Debug|Any CPU
		{F43462B9-76E5-49A0-8769-6F9125A2E54D}.AppStore|iPhone.Build.0 = Debug|Any CPU
		{F43462B9-76E5-49A0-8769-6F9125A2E54D}.AppStore|iPhone.Deploy.0 = Debug|Any CPU
		{F43462B9-76E5-49A0-8769-6F9125A2E54D}.AppStore|iPhoneSimulator.ActiveCfg = Debug|Any CPU
		{F43462B9-76E5-49A0-8769-6F9125A2E54D}.AppStore|iPhoneSimulator.Build.0 = Debug|Any CPU
		{F43462B9-76E5-49A0-8769-6F9125A2E54D}.AppStore|iPhoneSimulator.Deploy.0 = Debug|Any CPU
		{F43462B9-76E5-49A0-8769-6F9125A2E54D}.AppStore|x64.ActiveCfg = Debug|Any CPU
		{F43462B9-76E5-49A0-8769-6F9125A2E54D}.AppStore|x64.Build.0 = Debug|Any CPU
		{F43462B9-76E5-49A0-8769-6F9125A2E54D}.AppStore|x64.Deploy.0 = Debug|Any CPU
		{F43462B9-76E5-49A0-8769-6F9125A2E54D}.AppStore|x86.ActiveCfg = Debug|Any CPU
		{F43462B9-76E5-49A0-8769-6F9125A2E54D}.AppStore|x86.Build.0 = Debug|Any CPU
		{F43462B9-76E5-49A0-8769-6F9125A2E54D}.AppStore|x86.Deploy.0 = Debug|Any CPU
		{F43462B9-76E5-49A0-8769-6F9125A2E54D}.Debug|Any CPU.ActiveCfg = Debug|Any CPU
		{F43462B9-76E5-49A0-8769-6F9125A2E54D}.Debug|Any CPU.Build.0 = Debug|Any CPU
		{F43462B9-76E5-49A0-8769-6F9125A2E54D}.Debug|Any CPU.Deploy.0 = Debug|Any CPU
		{F43462B9-76E5-49A0-8769-6F9125A2E54D}.Debug|ARM.ActiveCfg = Debug|Any CPU
		{F43462B9-76E5-49A0-8769-6F9125A2E54D}.Debug|ARM.Build.0 = Debug|Any CPU
		{F43462B9-76E5-49A0-8769-6F9125A2E54D}.Debug|ARM.Deploy.0 = Debug|Any CPU
		{F43462B9-76E5-49A0-8769-6F9125A2E54D}.Debug|iPhone.ActiveCfg = Debug|Any CPU
		{F43462B9-76E5-49A0-8769-6F9125A2E54D}.Debug|iPhone.Build.0 = Debug|Any CPU
		{F43462B9-76E5-49A0-8769-6F9125A2E54D}.Debug|iPhone.Deploy.0 = Debug|Any CPU
		{F43462B9-76E5-49A0-8769-6F9125A2E54D}.Debug|iPhoneSimulator.ActiveCfg = Debug|Any CPU
		{F43462B9-76E5-49A0-8769-6F9125A2E54D}.Debug|iPhoneSimulator.Build.0 = Debug|Any CPU
		{F43462B9-76E5-49A0-8769-6F9125A2E54D}.Debug|iPhoneSimulator.Deploy.0 = Debug|Any CPU
		{F43462B9-76E5-49A0-8769-6F9125A2E54D}.Debug|x64.ActiveCfg = Debug|Any CPU
		{F43462B9-76E5-49A0-8769-6F9125A2E54D}.Debug|x64.Build.0 = Debug|Any CPU
		{F43462B9-76E5-49A0-8769-6F9125A2E54D}.Debug|x64.Deploy.0 = Debug|Any CPU
		{F43462B9-76E5-49A0-8769-6F9125A2E54D}.Debug|x86.ActiveCfg = Debug|Any CPU
		{F43462B9-76E5-49A0-8769-6F9125A2E54D}.Debug|x86.Build.0 = Debug|Any CPU
		{F43462B9-76E5-49A0-8769-6F9125A2E54D}.Debug|x86.Deploy.0 = Debug|Any CPU
		{F43462B9-76E5-49A0-8769-6F9125A2E54D}.Release|Any CPU.ActiveCfg = Release|Any CPU
		{F43462B9-76E5-49A0-8769-6F9125A2E54D}.Release|Any CPU.Build.0 = Release|Any CPU
		{F43462B9-76E5-49A0-8769-6F9125A2E54D}.Release|Any CPU.Deploy.0 = Release|Any CPU
		{F43462B9-76E5-49A0-8769-6F9125A2E54D}.Release|ARM.ActiveCfg = Release|Any CPU
		{F43462B9-76E5-49A0-8769-6F9125A2E54D}.Release|ARM.Build.0 = Release|Any CPU
		{F43462B9-76E5-49A0-8769-6F9125A2E54D}.Release|ARM.Deploy.0 = Release|Any CPU
		{F43462B9-76E5-49A0-8769-6F9125A2E54D}.Release|iPhone.ActiveCfg = Release|Any CPU
		{F43462B9-76E5-49A0-8769-6F9125A2E54D}.Release|iPhone.Build.0 = Release|Any CPU
		{F43462B9-76E5-49A0-8769-6F9125A2E54D}.Release|iPhone.Deploy.0 = Release|Any CPU
		{F43462B9-76E5-49A0-8769-6F9125A2E54D}.Release|iPhoneSimulator.ActiveCfg = Release|Any CPU
		{F43462B9-76E5-49A0-8769-6F9125A2E54D}.Release|iPhoneSimulator.Build.0 = Release|Any CPU
		{F43462B9-76E5-49A0-8769-6F9125A2E54D}.Release|iPhoneSimulator.Deploy.0 = Release|Any CPU
		{F43462B9-76E5-49A0-8769-6F9125A2E54D}.Release|x64.ActiveCfg = Release|Any CPU
		{F43462B9-76E5-49A0-8769-6F9125A2E54D}.Release|x64.Build.0 = Release|Any CPU
		{F43462B9-76E5-49A0-8769-6F9125A2E54D}.Release|x64.Deploy.0 = Release|Any CPU
		{F43462B9-76E5-49A0-8769-6F9125A2E54D}.Release|x86.ActiveCfg = Release|Any CPU
		{F43462B9-76E5-49A0-8769-6F9125A2E54D}.Release|x86.Build.0 = Release|Any CPU
		{F43462B9-76E5-49A0-8769-6F9125A2E54D}.Release|x86.Deploy.0 = Release|Any CPU
	EndGlobalSection
	GlobalSection(SolutionProperties) = preSolution
		HideSolutionNode = FALSE
	EndGlobalSection
	GlobalSection(ExtensibilityGlobals) = postSolution
		SolutionGuid = {FB91F243-8F63-46BF-A0F6-4B3282BDE322}
	EndGlobalSection
EndGlobal
